PODS:
  - eyespie (1.0):
    - MediaPipeTasksGenAI
    - MediaPipeTasksVision
  - MediaPipeTasksCommon (0.10.21)
  - MediaPipeTasksGenAI (0.10.24):
    - MediaPipeTasksGenAIC (= 0.10.24)
  - MediaPipeTasksGenAIC (0.10.24)
  - MediaPipeTasksVision (0.10.21):
    - MediaPipeTasksCommon (= 0.10.21)

DEPENDENCIES:
  - eyespie (from `../eyespie`)
  - MediaPipeTasksGenAI
  - MediaPipeTasksVision

SPEC REPOS:
  trunk:
    - MediaPipeTasksCommon
    - MediaPipeTasksGenAI
    - MediaPipeTasksGenAIC
    - MediaPipeTasksVision

EXTERNAL SOURCES:
  eyespie:
    :path: "../eyespie"

SPEC CHECKSUMS:
  eyespie: 68bbb422f29a110070bb9058dcd078e1da5a5f26
  MediaPipeTasksCommon: 6cfa29170d4900f04d250ad95ec058f14a741f38
  MediaPipeTasksGenAI: 076ba7032a6e9da16db9c7cf0c3b67c751c18bc1
  MediaPipeTasksGenAIC: ec35d9f431f6a6b651a0bc9f67a4ed149ffa575c
  MediaPipeTasksVision: 7b1c0f5a5820e87e9d96926f5e65d8cd3744fac2

PODFILE CHECKSUM: 998565cb65d66ee9dfa228e61a7df9065a675907

COCOAPODS: 1.17.0
