PODS:
  - eyespie (1.0):
    - EyespieMediaPipeTasksGenAI (= 0.10.26.1)
    - EyespieMediaPipeTasksVision (= 0.10.26.1)
  - EyespieMediaPipeTasksCommon (0.10.26.1)
  - EyespieMediaPipeTasksGenAI (0.10.26.1):
    - EyespieMediaPipeTasksGenAIC (= 0.10.26.1)
  - EyespieMediaPipeTasksGenAIC (0.10.26.1):
    - EyespieMediaPipeTasksCommon (= 0.10.26.1)
  - EyespieMediaPipeTasksVision (0.10.26.1):
    - EyespieMediaPipeTasksCommon (= 0.10.26.1)

DEPENDENCIES:
  - eyespie (from `../eyespie`)
  - EyespieMediaPipeTasksCommon (from `MediaPipePodspecs/EyespieMediaPipeTasksCommon.podspec`)
  - EyespieMediaPipeTasksGenAI (from `MediaPipePodspecs/EyespieMediaPipeTasksGenAI.podspec`)
  - EyespieMediaPipeTasksGenAIC (from `MediaPipePodspecs/EyespieMediaPipeTasksGenAIC.podspec`)
  - EyespieMediaPipeTasksVision (from `MediaPipePodspecs/EyespieMediaPipeTasksVision.podspec`)

EXTERNAL SOURCES:
  eyespie:
    :path: "../eyespie"
  EyespieMediaPipeTasksCommon:
    :podspec: MediaPipePodspecs/EyespieMediaPipeTasksCommon.podspec
  EyespieMediaPipeTasksGenAI:
    :podspec: MediaPipePodspecs/EyespieMediaPipeTasksGenAI.podspec
  EyespieMediaPipeTasksGenAIC:
    :podspec: MediaPipePodspecs/EyespieMediaPipeTasksGenAIC.podspec
  EyespieMediaPipeTasksVision:
    :podspec: MediaPipePodspecs/EyespieMediaPipeTasksVision.podspec

SPEC CHECKSUMS:
  eyespie: 0b7be1f3617cf7319e62b6ad28843ac3b89fb931
  EyespieMediaPipeTasksCommon: da49f0c5adcf21dc0525111585600a3889de59b7
  EyespieMediaPipeTasksGenAI: c57181391773e9d88f9543a629c5ba6fe432b2e2
  EyespieMediaPipeTasksGenAIC: 5926ee65ae60d8d645e7f4165f25e06fb30c645c
  EyespieMediaPipeTasksVision: 3a94077d4eb8f8174edbed03e69bd5acaa737749

PODFILE CHECKSUM: 533429012ac32cc6399c556813b8b184e7d2532d

COCOAPODS: 1.17.0
