PODS:
  - eyespie (1.0):
    - EyespieMediaPipeTasksGenAI (= 0.10.26.1)
    - EyespieMediaPipeTasksVision (= 0.10.26.1)
  - EyespieMediaPipeTasksCommon (0.10.26.1)
  - EyespieMediaPipeTasksGenAI (0.10.26.1):
    - EyespieMediaPipeTasksGenAIC (= 0.10.26.1)
  - EyespieMediaPipeTasksGenAIC (0.10.26.1):
    - EyespieMediaPipeTasksCommon (= 0.10.26.1)
  - EyespieMediaPipeTasksVision (0.10.26.1):
    - EyespieMediaPipeTasksCommon (= 0.10.26.1)

DEPENDENCIES:
  - eyespie (from `../eyespie`)
  - EyespieMediaPipeTasksCommon (from `MediaPipePodspecs/EyespieMediaPipeTasksCommon.podspec`)
  - EyespieMediaPipeTasksGenAI (from `MediaPipePodspecs/EyespieMediaPipeTasksGenAI.podspec`)
  - EyespieMediaPipeTasksGenAIC (from `MediaPipePodspecs/EyespieMediaPipeTasksGenAIC.podspec`)
  - EyespieMediaPipeTasksVision (from `MediaPipePodspecs/EyespieMediaPipeTasksVision.podspec`)

EXTERNAL SOURCES:
  eyespie:
    :path: "../eyespie"
  EyespieMediaPipeTasksCommon:
    :podspec: MediaPipePodspecs/EyespieMediaPipeTasksCommon.podspec
  EyespieMediaPipeTasksGenAI:
    :podspec: MediaPipePodspecs/EyespieMediaPipeTasksGenAI.podspec
  EyespieMediaPipeTasksGenAIC:
    :podspec: MediaPipePodspecs/EyespieMediaPipeTasksGenAIC.podspec
  EyespieMediaPipeTasksVision:
    :podspec: MediaPipePodspecs/EyespieMediaPipeTasksVision.podspec

SPEC CHECKSUMS:
  eyespie: 0b7be1f3617cf7319e62b6ad28843ac3b89fb931
  EyespieMediaPipeTasksCommon: efb36fac517a98d62dec6941f2b9d6c6992cc538
  EyespieMediaPipeTasksGenAI: cc5f0209f161a9a05332ef0f76e1dd296ca6796f
  EyespieMediaPipeTasksGenAIC: f4685b809de0c149c26532fbb146b15d561911f8
  EyespieMediaPipeTasksVision: 9b41ac5b8d50eab4cdf0a681bf26fad0056542fb

PODFILE CHECKSUM: 533429012ac32cc6399c556813b8b184e7d2532d

COCOAPODS: 1.17.0
